
Microsoft Visual Studio Solution File, Format Version 12.00
# Visual Studio Version 16
VisualStudioVersion = 16.0.31702.278
MinimumVisualStudioVersion = 10.0.40219.1
Project("{FAE04EC0-301F-11D3-BF4B-00C04F79EFBC}") = "UMLPOWTORKA", "UMLPOWTORKA\UMLPOWTORKA.csproj", "{33B456F9-EAEF-4F8A-AC3C-E1E91146C937}"
EndProject
Global
	GlobalSection(SolutionConfigurationPlatforms) = preSolution
		Debug|Any CPU = Debug|Any CPU
		Release|Any CPU = Release|Any CPU
	EndGlobalSection
	GlobalSection(ProjectConfigurationPlatforms) = postSolution
		{33B456F9-EAEF-4F8A-AC3C-E1E91146C937}.Debug|Any CPU.ActiveCfg = Debug|Any CPU
		{33B456F9-EAEF-4F8A-AC3C-E1E91146C937}.Debug|Any CPU.Build.0 = Debug|Any CPU
		{33B456F9-EAEF-4F8A-AC3C-E1E91146C937}.Release|Any CPU.ActiveCfg = Release|Any CPU
		{33B456F9-EAEF-4F8A-AC3C-E1E91146C937}.Release|Any CPU.Build.0 = Release|Any CPU
	EndGlobalSection
	GlobalSection(SolutionProperties) = preSolution
		HideSolutionNode = FALSE
	EndGlobalSection
	GlobalSection(ExtensibilityGlobals) = postSolution
		SolutionGuid = {48E3841B-94CB-45D8-8FA2-DA0C1621F154}
	EndGlobalSection
EndGlobal
